
Microsoft Visual Studio Solution File, Format Version 12.00
# Visual Studio Version 16
VisualStudioVersion = 16.0.29009.5
MinimumVisualStudioVersion = 10.0.40219.1
Project("{FAE04EC0-301F-11D3-BF4B-00C04F79EFBC}") = "RecommendersDemo.UWP", "RecommendersDemo\RecommendersDemo.UWP\RecommendersDemo.UWP.csproj", "{A660221D-999D-45CF-9082-6F92DCB8446F}"
EndProject
Project("{FAE04EC0-301F-11D3-BF4B-00C04F79EFBC}") = "RecommendersDemo.Android", "RecommendersDemo\RecommendersDemo.Android\RecommendersDemo.Android.csproj", "{2DF72AA2-ED21-407A-861E-2424B5026CC7}"
EndProject
Project("{FAE04EC0-301F-11D3-BF4B-00C04F79EFBC}") = "RecommendersDemo.iOS", "RecommendersDemo\RecommendersDemo.iOS\RecommendersDemo.iOS.csproj", "{359BA66F-BB62-4C75-9B93-70772734F3D3}"
EndProject
Project("{9A19103F-16F7-4668-BE54-9A1E7A4F7556}") = "RecommendersDemo", "RecommendersDemo\RecommendersDemo\RecommendersDemo.csproj", "{5BD80797-7721-4DD0-8176-4B4544AC1268}"
EndProject
Project("{FAE04EC0-301F-11D3-BF4B-00C04F79EFBC}") = "UITests", "UITests\UITests.csproj", "{0FF232E9-6B97-4241-A8B1-D2A6676DE795}"
EndProject
Project("{9A19103F-16F7-4668-BE54-9A1E7A4F7556}") = "UnitTests", "UnitTests\UnitTests.csproj", "{6FCC447E-3367-40FD-9B6F-3E4015DCB5D4}"
EndProject
Global
	GlobalSection(SolutionConfigurationPlatforms) = preSolution
		Debug|Any CPU = Debug|Any CPU
		Debug|ARM = Debug|ARM
		Debug|iPhone = Debug|iPhone
		Debug|iPhoneSimulator = Debug|iPhoneSimulator
		Debug|x64 = Debug|x64
		Debug|x86 = Debug|x86
		Release|Any CPU = Release|Any CPU
		Release|ARM = Release|ARM
		Release|iPhone = Release|iPhone
		Release|iPhoneSimulator = Release|iPhoneSimulator
		Release|x64 = Release|x64
		Release|x86 = Release|x86
	EndGlobalSection
	GlobalSection(ProjectConfigurationPlatforms) = postSolution
		{A660221D-999D-45CF-9082-6F92DCB8446F}.Debug|Any CPU.ActiveCfg = Debug|x86
		{A660221D-999D-45CF-9082-6F92DCB8446F}.Debug|Any CPU.Build.0 = Debug|x86
		{A660221D-999D-45CF-9082-6F92DCB8446F}.Debug|Any CPU.Deploy.0 = Debug|x86
		{A660221D-999D-45CF-9082-6F92DCB8446F}.Debug|ARM.ActiveCfg = Debug|ARM
		{A660221D-999D-45CF-9082-6F92DCB8446F}.Debug|ARM.Build.0 = Debug|ARM
		{A660221D-999D-45CF-9082-6F92DCB8446F}.Debug|ARM.Deploy.0 = Debug|ARM
		{A660221D-999D-45CF-9082-6F92DCB8446F}.Debug|iPhone.ActiveCfg = Debug|x86
		{A660221D-999D-45CF-9082-6F92DCB8446F}.Debug|iPhone.Build.0 = Debug|x86
		{A660221D-999D-45CF-9082-6F92DCB8446F}.Debug|iPhone.Deploy.0 = Debug|x86
		{A660221D-999D-45CF-9082-6F92DCB8446F}.Debug|iPhoneSimulator.ActiveCfg = Debug|x86
		{A660221D-999D-45CF-9082-6F92DCB8446F}.Debug|iPhoneSimulator.Build.0 = Debug|x86
		{A660221D-999D-45CF-9082-6F92DCB8446F}.Debug|iPhoneSimulator.Deploy.0 = Debug|x86
		{A660221D-999D-45CF-9082-6F92DCB8446F}.Debug|x64.ActiveCfg = Debug|x64
		{A660221D-999D-45CF-9082-6F92DCB8446F}.Debug|x64.Build.0 = Debug|x64
		{A660221D-999D-45CF-9082-6F92DCB8446F}.Debug|x64.Deploy.0 = Debug|x64
		{A660221D-999D-45CF-9082-6F92DCB8446F}.Debug|x86.ActiveCfg = Debug|x86
		{A660221D-999D-45CF-9082-6F92DCB8446F}.Debug|x86.Build.0 = Debug|x86
		{A660221D-999D-45CF-9082-6F92DCB8446F}.Debug|x86.Deploy.0 = Debug|x86
		{A660221D-999D-45CF-9082-6F92DCB8446F}.Release|Any CPU.ActiveCfg = Release|x86
		{A660221D-999D-45CF-9082-6F92DCB8446F}.Release|Any CPU.Build.0 = Release|x86
		{A660221D-999D-45CF-9082-6F92DCB8446F}.Release|Any CPU.Deploy.0 = Release|x86
		{A660221D-999D-45CF-9082-6F92DCB8446F}.Release|ARM.ActiveCfg = Release|ARM
		{A660221D-999D-45CF-9082-6F92DCB8446F}.Release|ARM.Build.0 = Release|ARM
		{A660221D-999D-45CF-9082-6F92DCB8446F}.Release|ARM.Deploy.0 = Release|ARM
		{A660221D-999D-45CF-9082-6F92DCB8446F}.Release|iPhone.ActiveCfg = Release|x86
		{A660221D-999D-45CF-9082-6F92DCB8446F}.Release|iPhone.Build.0 = Release|x86
		{A660221D-999D-45CF-9082-6F92DCB8446F}.Release|iPhone.Deploy.0 = Release|x86
		{A660221D-999D-45CF-9082-6F92DCB8446F}.Release|iPhoneSimulator.ActiveCfg = Release|x86
		{A660221D-999D-45CF-9082-6F92DCB8446F}.Release|iPhoneSimulator.Build.0 = Release|x86
		{A660221D-999D-45CF-9082-6F92DCB8446F}.Release|iPhoneSimulator.Deploy.0 = Release|x86
		{A660221D-999D-45CF-9082-6F92DCB8446F}.Release|x64.ActiveCfg = Release|x64
		{A660221D-999D-45CF-9082-6F92DCB8446F}.Release|x64.Build.0 = Release|x64
		{A660221D-999D-45CF-9082-6F92DCB8446F}.Release|x64.Deploy.0 = Release|x64
		{A660221D-999D-45CF-9082-6F92DCB8446F}.Release|x86.ActiveCfg = Release|x86
		{A660221D-999D-45CF-9082-6F92DCB8446F}.Release|x86.Build.0 = Release|x86
		{A660221D-999D-45CF-9082-6F92DCB8446F}.Release|x86.Deploy.0 = Release|x86
		{2DF72AA2-ED21-407A-861E-2424B5026CC7}.Debug|Any CPU.ActiveCfg = Debug|Any CPU
		{2DF72AA2-ED21-407A-861E-2424B5026CC7}.Debug|Any CPU.Build.0 = Debug|Any CPU
		{2DF72AA2-ED21-407A-861E-2424B5026CC7}.Debug|Any CPU.Deploy.0 = Debug|Any CPU
		{2DF72AA2-ED21-407A-861E-2424B5026CC7}.Debug|ARM.ActiveCfg = Debug|Any CPU
		{2DF72AA2-ED21-407A-861E-2424B5026CC7}.Debug|ARM.Build.0 = Debug|Any CPU
		{2DF72AA2-ED21-407A-861E-2424B5026CC7}.Debug|ARM.Deploy.0 = Debug|Any CPU
		{2DF72AA2-ED21-407A-861E-2424B5026CC7}.Debug|iPhone.ActiveCfg = Debug|Any CPU
		{2DF72AA2-ED21-407A-861E-2424B5026CC7}.Debug|iPhone.Build.0 = Debug|Any CPU
		{2DF72AA2-ED21-407A-861E-2424B5026CC7}.Debug|iPhone.Deploy.0 = Debug|Any CPU
		{2DF72AA2-ED21-407A-861E-2424B5026CC7}.Debug|iPhoneSimulator.ActiveCfg = Debug|Any CPU
		{2DF72AA2-ED21-407A-861E-2424B5026CC7}.Debug|iPhoneSimulator.Build.0 = Debug|Any CPU
		{2DF72AA2-ED21-407A-861E-2424B5026CC7}.Debug|iPhoneSimulator.Deploy.0 = Debug|Any CPU
		{2DF72AA2-ED21-407A-861E-2424B5026CC7}.Debug|x64.ActiveCfg = Debug|Any CPU
		{2DF72AA2-ED21-407A-861E-2424B5026CC7}.Debug|x64.Build.0 = Debug|Any CPU
		{2DF72AA2-ED21-407A-861E-2424B5026CC7}.Debug|x64.Deploy.0 = Debug|Any CPU
		{2DF72AA2-ED21-407A-861E-2424B5026CC7}.Debug|x86.ActiveCfg = Debug|Any CPU
		{2DF72AA2-ED21-407A-861E-2424B5026CC7}.Debug|x86.Build.0 = Debug|Any CPU
		{2DF72AA2-ED21-407A-861E-2424B5026CC7}.Debug|x86.Deploy.0 = Debug|Any CPU
		{2DF72AA2-ED21-407A-861E-2424B5026CC7}.Release|Any CPU.ActiveCfg = Release|Any CPU
		{2DF72AA2-ED21-407A-861E-2424B5026CC7}.Release|Any CPU.Build.0 = Release|Any CPU
		{2DF72AA2-ED21-407A-861E-2424B5026CC7}.Release|Any CPU.Deploy.0 = Release|Any CPU
		{2DF72AA2-ED21-407A-861E-2424B5026CC7}.Release|ARM.ActiveCfg = Release|Any CPU
		{2DF72AA2-ED21-407A-861E-2424B5026CC7}.Release|ARM.Build.0 = Release|Any CPU
		{2DF72AA2-ED21-407A-861E-2424B5026CC7}.Release|ARM.Deploy.0 = Release|Any CPU
		{2DF72AA2-ED21-407A-861E-2424B5026CC7}.Release|iPhone.ActiveCfg = Release|Any CPU
		{2DF72AA2-ED21-407A-861E-2424B5026CC7}.Release|iPhone.Build.0 = Release|Any CPU
		{2DF72AA2-ED21-407A-861E-2424B5026CC7}.Release|iPhone.Deploy.0 = Release|Any CPU
		{2DF72AA2-ED21-407A-861E-2424B5026CC7}.Release|iPhoneSimulator.ActiveCfg = Release|Any CPU
		{2DF72AA2-ED21-407A-861E-2424B5026CC7}.Release|iPhoneSimulator.Build.0 = Release|Any CPU
		{2DF72AA2-ED21-407A-861E-2424B5026CC7}.Release|iPhoneSimulator.Deploy.0 = Release|Any CPU
		{2DF72AA2-ED21-407A-861E-2424B5026CC7}.Release|x64.ActiveCfg = Release|Any CPU
		{2DF72AA2-ED21-407A-861E-2424B5026CC7}.Release|x64.Build.0 = Release|Any CPU
		{2DF72AA2-ED21-407A-861E-2424B5026CC7}.Release|x64.Deploy.0 = Release|Any CPU
		{2DF72AA2-ED21-407A-861E-2424B5026CC7}.Release|x86.ActiveCfg = Release|Any CPU
		{2DF72AA2-ED21-407A-861E-2424B5026CC7}.Release|x86.Build.0 = Release|Any CPU
		{2DF72AA2-ED21-407A-861E-2424B5026CC7}.Release|x86.Deploy.0 = Release|Any CPU
		{359BA66F-BB62-4C75-9B93-70772734F3D3}.Debug|Any CPU.ActiveCfg = Debug|iPhone
		{359BA66F-BB62-4C75-9B93-70772734F3D3}.Debug|Any CPU.Build.0 = Debug|iPhone
		{359BA66F-BB62-4C75-9B93-70772734F3D3}.Debug|Any CPU.Deploy.0 = Debug|iPhone
		{359BA66F-BB62-4C75-9B93-70772734F3D3}.Debug|ARM.ActiveCfg = Debug|iPhoneSimulator
		{359BA66F-BB62-4C75-9B93-70772734F3D3}.Debug|ARM.Build.0 = Debug|iPhoneSimulator
		{359BA66F-BB62-4C75-9B93-70772734F3D3}.Debug|ARM.Deploy.0 = Debug|iPhoneSimulator
		{359BA66F-BB62-4C75-9B93-70772734F3D3}.Debug|iPhone.ActiveCfg = Debug|iPhone
		{359BA66F-BB62-4C75-9B93-70772734F3D3}.Debug|iPhone.Build.0 = Debug|iPhone
		{359BA66F-BB62-4C75-9B93-70772734F3D3}.Debug|iPhone.Deploy.0 = Debug|iPhone
		{359BA66F-BB62-4C75-9B93-70772734F3D3}.Debug|iPhoneSimulator.ActiveCfg = Debug|iPhoneSimulator
		{359BA66F-BB62-4C75-9B93-70772734F3D3}.Debug|iPhoneSimulator.Build.0 = Debug|iPhoneSimulator
		{359BA66F-BB62-4C75-9B93-70772734F3D3}.Debug|iPhoneSimulator.Deploy.0 = Debug|iPhoneSimulator
		{359BA66F-BB62-4C75-9B93-70772734F3D3}.Debug|x64.ActiveCfg = Debug|iPhone
		{359BA66F-BB62-4C75-9B93-70772734F3D3}.Debug|x64.Build.0 = Debug|iPhone
		{359BA66F-BB62-4C75-9B93-70772734F3D3}.Debug|x64.Deploy.0 = Debug|iPhone
		{359BA66F-BB62-4C75-9B93-70772734F3D3}.Debug|x86.ActiveCfg = Debug|iPhone
		{359BA66F-BB62-4C75-9B93-70772734F3D3}.Debug|x86.Build.0 = Debug|iPhone
		{359BA66F-BB62-4C75-9B93-70772734F3D3}.Debug|x86.Deploy.0 = Debug|iPhone
		{359BA66F-BB62-4C75-9B93-70772734F3D3}.Release|Any CPU.ActiveCfg = Release|iPhone
		{359BA66F-BB62-4C75-9B93-70772734F3D3}.Release|Any CPU.Build.0 = Release|iPhone
		{359BA66F-BB62-4C75-9B93-70772734F3D3}.Release|Any CPU.Deploy.0 = Release|iPhone
		{359BA66F-BB62-4C75-9B93-70772734F3D3}.Release|ARM.ActiveCfg = Release|iPhone
		{359BA66F-BB62-4C75-9B93-70772734F3D3}.Release|ARM.Build.0 = Release|iPhone
		{359BA66F-BB62-4C75-9B93-70772734F3D3}.Release|ARM.Deploy.0 = Release|iPhone
		{359BA66F-BB62-4C75-9B93-70772734F3D3}.Release|iPhone.ActiveCfg = Release|iPhone
		{359BA66F-BB62-4C75-9B93-70772734F3D3}.Release|iPhone.Build.0 = Release|iPhone
		{359BA66F-BB62-4C75-9B93-70772734F3D3}.Release|iPhone.Deploy.0 = Release|iPhone
		{359BA66F-BB62-4C75-9B93-70772734F3D3}.Release|iPhoneSimulator.ActiveCfg = Release|iPhoneSimulator
		{359BA66F-BB62-4C75-9B93-70772734F3D3}.Release|iPhoneSimulator.Build.0 = Release|iPhoneSimulator
		{359BA66F-BB62-4C75-9B93-70772734F3D3}.Release|iPhoneSimulator.Deploy.0 = Release|iPhoneSimulator
		{359BA66F-BB62-4C75-9B93-70772734F3D3}.Release|x64.ActiveCfg = Release|iPhone
		{359BA66F-BB62-4C75-9B93-70772734F3D3}.Release|x64.Build.0 = Release|iPhone
		{359BA66F-BB62-4C75-9B93-70772734F3D3}.Release|x64.Deploy.0 = Release|iPhone
		{359BA66F-BB62-4C75-9B93-70772734F3D3}.Release|x86.ActiveCfg = Release|iPhone
		{359BA66F-BB62-4C75-9B93-70772734F3D3}.Release|x86.Build.0 = Release|iPhone
		{359BA66F-BB62-4C75-9B93-70772734F3D3}.Release|x86.Deploy.0 = Release|iPhone
		{5BD80797-7721-4DD0-8176-4B4544AC1268}.Debug|Any CPU.ActiveCfg = Debug|Any CPU
		{5BD80797-7721-4DD0-8176-4B4544AC1268}.Debug|Any CPU.Build.0 = Debug|Any CPU
		{5BD80797-7721-4DD0-8176-4B4544AC1268}.Debug|Any CPU.Deploy.0 = Debug|Any CPU
		{5BD80797-7721-4DD0-8176-4B4544AC1268}.Debug|ARM.ActiveCfg = Debug|Any CPU
		{5BD80797-7721-4DD0-8176-4B4544AC1268}.Debug|ARM.Build.0 = Debug|Any CPU
		{5BD80797-7721-4DD0-8176-4B4544AC1268}.Debug|ARM.Deploy.0 = Debug|Any CPU
		{5BD80797-7721-4DD0-8176-4B4544AC1268}.Debug|iPhone.ActiveCfg = Debug|Any CPU
		{5BD80797-7721-4DD0-8176-4B4544AC1268}.Debug|iPhone.Build.0 = Debug|Any CPU
		{5BD80797-7721-4DD0-8176-4B4544AC1268}.Debug|iPhone.Deploy.0 = Debug|Any CPU
		{5BD80797-7721-4DD0-8176-4B4544AC1268}.Debug|iPhoneSimulator.ActiveCfg = Debug|Any CPU
		{5BD80797-7721-4DD0-8176-4B4544AC1268}.Debug|iPhoneSimulator.Build.0 = Debug|Any CPU
		{5BD80797-7721-4DD0-8176-4B4544AC1268}.Debug|iPhoneSimulator.Deploy.0 = Debug|Any CPU
		{5BD80797-7721-4DD0-8176-4B4544AC1268}.Debug|x64.ActiveCfg = Debug|Any CPU
		{5BD80797-7721-4DD0-8176-4B4544AC1268}.Debug|x64.Build.0 = Debug|Any CPU
		{5BD80797-7721-4DD0-8176-4B4544AC1268}.Debug|x64.Deploy.0 = Debug|Any CPU
		{5BD80797-7721-4DD0-8176-4B4544AC1268}.Debug|x86.ActiveCfg = Debug|Any CPU
		{5BD80797-7721-4DD0-8176-4B4544AC1268}.Debug|x86.Build.0 = Debug|Any CPU
		{5BD80797-7721-4DD0-8176-4B4544AC1268}.Debug|x86.Deploy.0 = Debug|Any CPU
		{5BD80797-7721-4DD0-8176-4B4544AC1268}.Release|Any CPU.ActiveCfg = Release|Any CPU
		{5BD80797-7721-4DD0-8176-4B4544AC1268}.Release|Any CPU.Build.0 = Release|Any CPU
		{5BD80797-7721-4DD0-8176-4B4544AC1268}.Release|Any CPU.Deploy.0 = Release|Any CPU
		{5BD80797-7721-4DD0-8176-4B4544AC1268}.Release|ARM.ActiveCfg = Release|Any CPU
		{5BD80797-7721-4DD0-8176-4B4544AC1268}.Release|ARM.Build.0 = Release|Any CPU
		{5BD80797-7721-4DD0-8176-4B4544AC1268}.Release|ARM.Deploy.0 = Release|Any CPU
		{5BD80797-7721-4DD0-8176-4B4544AC1268}.Release|iPhone.ActiveCfg = Release|Any CPU
		{5BD80797-7721-4DD0-8176-4B4544AC1268}.Release|iPhone.Build.0 = Release|Any CPU
		{5BD80797-7721-4DD0-8176-4B4544AC1268}.Release|iPhone.Deploy.0 = Release|Any CPU
		{5BD80797-7721-4DD0-8176-4B4544AC1268}.Release|iPhoneSimulator.ActiveCfg = Release|Any CPU
		{5BD80797-7721-4DD0-8176-4B4544AC1268}.Release|iPhoneSimulator.Build.0 = Release|Any CPU
		{5BD80797-7721-4DD0-8176-4B4544AC1268}.Release|iPhoneSimulator.Deploy.0 = Release|Any CPU
		{5BD80797-7721-4DD0-8176-4B4544AC1268}.Release|x64.ActiveCfg = Release|Any CPU
		{5BD80797-7721-4DD0-8176-4B4544AC1268}.Release|x64.Build.0 = Release|Any CPU
		{5BD80797-7721-4DD0-8176-4B4544AC1268}.Release|x64.Deploy.0 = Release|Any CPU
		{5BD80797-7721-4DD0-8176-4B4544AC1268}.Release|x86.ActiveCfg = Release|Any CPU
		{5BD80797-7721-4DD0-8176-4B4544AC1268}.Release|x86.Build.0 = Release|Any CPU
		{5BD80797-7721-4DD0-8176-4B4544AC1268}.Release|x86.Deploy.0 = Release|Any CPU
		{0FF232E9-6B97-4241-A8B1-D2A6676DE795}.Debug|Any CPU.ActiveCfg = Debug|Any CPU
		{0FF232E9-6B97-4241-A8B1-D2A6676DE795}.Debug|Any CPU.Build.0 = Debug|Any CPU
		{0FF232E9-6B97-4241-A8B1-D2A6676DE795}.Debug|ARM.ActiveCfg = Debug|Any CPU
		{0FF232E9-6B97-4241-A8B1-D2A6676DE795}.Debug|ARM.Build.0 = Debug|Any CPU
		{0FF232E9-6B97-4241-A8B1-D2A6676DE795}.Debug|iPhone.ActiveCfg = Debug|Any CPU
		{0FF232E9-6B97-4241-A8B1-D2A6676DE795}.Debug|iPhone.Build.0 = Debug|Any CPU
		{0FF232E9-6B97-4241-A8B1-D2A6676DE795}.Debug|iPhoneSimulator.ActiveCfg = Debug|Any CPU
		{0FF232E9-6B97-4241-A8B1-D2A6676DE795}.Debug|iPhoneSimulator.Build.0 = Debug|Any CPU
		{0FF232E9-6B97-4241-A8B1-D2A6676DE795}.Debug|x64.ActiveCfg = Debug|Any CPU
		{0FF232E9-6B97-4241-A8B1-D2A6676DE795}.Debug|x64.Build.0 = Debug|Any CPU
		{0FF232E9-6B97-4241-A8B1-D2A6676DE795}.Debug|x86.ActiveCfg = Debug|Any CPU
		{0FF232E9-6B97-4241-A8B1-D2A6676DE795}.Debug|x86.Build.0 = Debug|Any CPU
		{0FF232E9-6B97-4241-A8B1-D2A6676DE795}.Release|Any CPU.ActiveCfg = Release|Any CPU
		{0FF232E9-6B97-4241-A8B1-D2A6676DE795}.Release|Any CPU.Build.0 = Release|Any CPU
		{0FF232E9-6B97-4241-A8B1-D2A6676DE795}.Release|ARM.ActiveCfg = Release|Any CPU
		{0FF232E9-6B97-4241-A8B1-D2A6676DE795}.Release|ARM.Build.0 = Release|Any CPU
		{0FF232E9-6B97-4241-A8B1-D2A6676DE795}.Release|iPhone.ActiveCfg = Release|Any CPU
		{0FF232E9-6B97-4241-A8B1-D2A6676DE795}.Release|iPhone.Build.0 = Release|Any CPU
		{0FF232E9-6B97-4241-A8B1-D2A6676DE795}.Release|iPhoneSimulator.ActiveCfg = Release|Any CPU
		{0FF232E9-6B97-4241-A8B1-D2A6676DE795}.Release|iPhoneSimulator.Build.0 = Release|Any CPU
		{0FF232E9-6B97-4241-A8B1-D2A6676DE795}.Release|x64.ActiveCfg = Release|Any CPU
		{0FF232E9-6B97-4241-A8B1-D2A6676DE795}.Release|x64.Build.0 = Release|Any CPU
		{0FF232E9-6B97-4241-A8B1-D2A6676DE795}.Release|x86.ActiveCfg = Release|Any CPU
		{0FF232E9-6B97-4241-A8B1-D2A6676DE795}.Release|x86.Build.0 = Release|Any CPU
		{6FCC447E-3367-40FD-9B6F-3E4015DCB5D4}.Debug|Any CPU.ActiveCfg = Debug|Any CPU
		{6FCC447E-3367-40FD-9B6F-3E4015DCB5D4}.Debug|Any CPU.Build.0 = Debug|Any CPU
		{6FCC447E-3367-40FD-9B6F-3E4015DCB5D4}.Debug|ARM.ActiveCfg = Debug|Any CPU
		{6FCC447E-3367-40FD-9B6F-3E4015DCB5D4}.Debug|ARM.Build.0 = Debug|Any CPU
		{6FCC447E-3367-40FD-9B6F-3E4015DCB5D4}.Debug|iPhone.ActiveCfg = Debug|Any CPU
		{6FCC447E-3367-40FD-9B6F-3E4015DCB5D4}.Debug|iPhone.Build.0 = Debug|Any CPU
		{6FCC447E-3367-40FD-9B6F-3E4015DCB5D4}.Debug|iPhoneSimulator.ActiveCfg = Debug|Any CPU
		{6FCC447E-3367-40FD-9B6F-3E4015DCB5D4}.Debug|iPhoneSimulator.Build.0 = Debug|Any CPU
		{6FCC447E-3367-40FD-9B6F-3E4015DCB5D4}.Debug|x64.ActiveCfg = Debug|Any CPU
		{6FCC447E-3367-40FD-9B6F-3E4015DCB5D4}.Debug|x64.Build.0 = Debug|Any CPU
		{6FCC447E-3367-40FD-9B6F-3E4015DCB5D4}.Debug|x86.ActiveCfg = Debug|Any CPU
		{6FCC447E-3367-40FD-9B6F-3E4015DCB5D4}.Debug|x86.Build.0 = Debug|Any CPU
		{6FCC447E-3367-40FD-9B6F-3E4015DCB5D4}.Release|Any CPU.ActiveCfg = Release|Any CPU
		{6FCC447E-3367-40FD-9B6F-3E4015DCB5D4}.Release|Any CPU.Build.0 = Release|Any CPU
		{6FCC447E-3367-40FD-9B6F-3E4015DCB5D4}.Release|ARM.ActiveCfg = Release|Any CPU
		{6FCC447E-3367-40FD-9B6F-3E4015DCB5D4}.Release|ARM.Build.0 = Release|Any CPU
		{6FCC447E-3367-40FD-9B6F-3E4015DCB5D4}.Release|iPhone.ActiveCfg = Release|Any CPU
		{6FCC447E-3367-40FD-9B6F-3E4015DCB5D4}.Release|iPhone.Build.0 = Release|Any CPU
		{6FCC447E-3367-40FD-9B6F-3E4015DCB5D4}.Release|iPhoneSimulator.ActiveCfg = Release|Any CPU
		{6FCC447E-3367-40FD-9B6F-3E4015DCB5D4}.Release|iPhoneSimulator.Build.0 = Release|Any CPU
		{6FCC447E-3367-40FD-9B6F-3E4015DCB5D4}.Release|x64.ActiveCfg = Release|Any CPU
		{6FCC447E-3367-40FD-9B6F-3E4015DCB5D4}.Release|x64.Build.0 = Release|Any CPU
		{6FCC447E-3367-40FD-9B6F-3E4015DCB5D4}.Release|x86.ActiveCfg = Release|Any CPU
		{6FCC447E-3367-40FD-9B6F-3E4015DCB5D4}.Release|x86.Build.0 = Release|Any CPU
	EndGlobalSection
	GlobalSection(SolutionProperties) = preSolution
		HideSolutionNode = FALSE
	EndGlobalSection
	GlobalSection(ExtensibilityGlobals) = postSolution
		SolutionGuid = {3D59525E-6D86-4708-AC88-88A02009BF63}
	EndGlobalSection
EndGlobal
